
Microsoft Visual Studio Solution File, Format Version 12.00
# Visual Studio 15
VisualStudioVersion = 15.0.26730.16
MinimumVisualStudioVersion = 10.0.40219.1
Project("{8BC9CEB8-8B4A-11D0-8D11-00A0C91BC942}") = "PreProcessing", "PreProcessing\PreProcessing.vcxproj", "{FA43C83F-2FF4-4F14-BBF9-31A0EFC8478C}"
EndProject
Project("{8BC9CEB8-8B4A-11D0-8D11-00A0C91BC942}") = "Perceptron", "Perceptron\Perceptron.vcxproj", "{B7B3C4CF-416A-4637-A826-33A14D3F49F0}"
EndProject
Project("{8BC9CEB8-8B4A-11D0-8D11-00A0C91BC942}") = "BPN", "BPN\BPN.vcxproj", "{9DD12239-6D51-4654-BD35-25E87401D4AA}"
EndProject
Project("{8BC9CEB8-8B4A-11D0-8D11-00A0C91BC942}") = "Classification", "Classification\Classification.vcxproj", "{9535F480-5DA8-48A0-BBE3-EFF837335DA7}"
EndProject
Global
	GlobalSection(SolutionConfigurationPlatforms) = preSolution
		Debug|x64 = Debug|x64
		Debug|x86 = Debug|x86
		Release|x64 = Release|x64
		Release|x86 = Release|x86
	EndGlobalSection
	GlobalSection(ProjectConfigurationPlatforms) = postSolution
		{FA43C83F-2FF4-4F14-BBF9-31A0EFC8478C}.Debug|x64.ActiveCfg = Debug|x64
		{FA43C83F-2FF4-4F14-BBF9-31A0EFC8478C}.Debug|x64.Build.0 = Debug|x64
		{FA43C83F-2FF4-4F14-BBF9-31A0EFC8478C}.Debug|x86.ActiveCfg = Debug|Win32
		{FA43C83F-2FF4-4F14-BBF9-31A0EFC8478C}.Debug|x86.Build.0 = Debug|Win32
		{FA43C83F-2FF4-4F14-BBF9-31A0EFC8478C}.Release|x64.ActiveCfg = Release|x64
		{FA43C83F-2FF4-4F14-BBF9-31A0EFC8478C}.Release|x64.Build.0 = Release|x64
		{FA43C83F-2FF4-4F14-BBF9-31A0EFC8478C}.Release|x86.ActiveCfg = Release|Win32
		{FA43C83F-2FF4-4F14-BBF9-31A0EFC8478C}.Release|x86.Build.0 = Release|Win32
		{B7B3C4CF-416A-4637-A826-33A14D3F49F0}.Debug|x64.ActiveCfg = Debug|x64
		{B7B3C4CF-416A-4637-A826-33A14D3F49F0}.Debug|x64.Build.0 = Debug|x64
		{B7B3C4CF-416A-4637-A826-33A14D3F49F0}.Debug|x86.ActiveCfg = Debug|Win32
		{B7B3C4CF-416A-4637-A826-33A14D3F49F0}.Debug|x86.Build.0 = Debug|Win32
		{B7B3C4CF-416A-4637-A826-33A14D3F49F0}.Release|x64.ActiveCfg = Release|x64
		{B7B3C4CF-416A-4637-A826-33A14D3F49F0}.Release|x64.Build.0 = Release|x64
		{B7B3C4CF-416A-4637-A826-33A14D3F49F0}.Release|x86.ActiveCfg = Release|Win32
		{B7B3C4CF-416A-4637-A826-33A14D3F49F0}.Release|x86.Build.0 = Release|Win32
		{9DD12239-6D51-4654-BD35-25E87401D4AA}.Debug|x64.ActiveCfg = Debug|x64
		{9DD12239-6D51-4654-BD35-25E87401D4AA}.Debug|x64.Build.0 = Debug|x64
		{9DD12239-6D51-4654-BD35-25E87401D4AA}.Debug|x86.ActiveCfg = Debug|Win32
		{9DD12239-6D51-4654-BD35-25E87401D4AA}.Debug|x86.Build.0 = Debug|Win32
		{9DD12239-6D51-4654-BD35-25E87401D4AA}.Release|x64.ActiveCfg = Release|x64
		{9DD12239-6D51-4654-BD35-25E87401D4AA}.Release|x64.Build.0 = Release|x64
		{9DD12239-6D51-4654-BD35-25E87401D4AA}.Release|x86.ActiveCfg = Release|Win32
		{9DD12239-6D51-4654-BD35-25E87401D4AA}.Release|x86.Build.0 = Release|Win32
		{9535F480-5DA8-48A0-BBE3-EFF837335DA7}.Debug|x64.ActiveCfg = Debug|x64
		{9535F480-5DA8-48A0-BBE3-EFF837335DA7}.Debug|x64.Build.0 = Debug|x64
		{9535F480-5DA8-48A0-BBE3-EFF837335DA7}.Debug|x86.ActiveCfg = Debug|Win32
		{9535F480-5DA8-48A0-BBE3-EFF837335DA7}.Debug|x86.Build.0 = Debug|Win32
		{9535F480-5DA8-48A0-BBE3-EFF837335DA7}.Release|x64.ActiveCfg = Release|x64
		{9535F480-5DA8-48A0-BBE3-EFF837335DA7}.Release|x64.Build.0 = Release|x64
		{9535F480-5DA8-48A0-BBE3-EFF837335DA7}.Release|x86.ActiveCfg = Release|Win32
		{9535F480-5DA8-48A0-BBE3-EFF837335DA7}.Release|x86.Build.0 = Release|Win32
	EndGlobalSection
	GlobalSection(SolutionProperties) = preSolution
		HideSolutionNode = FALSE
	EndGlobalSection
	GlobalSection(ExtensibilityGlobals) = postSolution
		SolutionGuid = {F1308E52-E8CB-47BD-A80F-501A64C289AA}
	EndGlobalSection
EndGlobal
